{
  "name": "uroborosql-fmt-server",
  "version": "1.0.0",
  "lockfileVersion": 3,
  "requires": true,
  "packages": {
    "": {
      "name": "uroborosql-fmt-server",
      "version": "1.0.0",
      "license": "BUSL-1.1",
      "dependencies": {
        "uroborosql-fmt-napi": "file:uroborosql-fmt-napi-1.0.2.tgz",
        "vscode-languageserver": "^9.0.0",
        "vscode-languageserver-textdocument": "^1.0.4",
        "vscode-uri": "^3.0.7"
      },
      "engines": {
        "node": "*"
      }
    },
    "node_modules/uroborosql-fmt-napi": {
      "version": "1.0.2",
      "resolved": "file:uroborosql-fmt-napi-1.0.2.tgz",
      "integrity": "sha512-e/g9Q41ujpva+plZYttppLrPGdWYQ6JIXZdgjhboFXdlSntHK8Zyr2sCAa0kNet4igyYDC7sj6p99Cr3O5kijA==",
      "license": "BUSL-1.1",
      "engines": {
        "node": ">= 10"
      }
    }
  }
}
