{
  "name": "uroborosql-fmt-server",
  "version": "1.0.0",
  "lockfileVersion": 3,
  "requires": true,
  "packages": {
    "": {
      "name": "uroborosql-fmt-server",
      "version": "1.0.0",
      "license": "BUSL-1.1",
      "dependencies": {
        "uroborosql-fmt-napi": "file:uroborosql-fmt-napi-1.0.1.tgz"
      },
      "engines": {
        "node": "*"
      }
    },
    "node_modules/uroborosql-fmt-napi": {
      "version": "1.0.1",
      "resolved": "file:uroborosql-fmt-napi-1.0.1.tgz",
      "integrity": "sha512-oFstTpJMCoseiu/EoXUZL8z9ybKkgGdpkOk+bQW6zysBcPOp3t2J4OQl02iTg4axhQfYNYCNFKqULS0bIwPvYQ==",
      "license": "BUSL-1.1",
      "engines": {
        "node": ">= 10"
      }
    }
  }
}
